
Microsoft Visual Studio Solution File, Format Version 12.00
# Visual Studio Version 17
VisualStudioVersion = 17.8.34511.84
MinimumVisualStudioVersion = 10.0.40219.1
Project("{8BC9CEB8-8B4A-11D0-8D11-00A0C91BC942}") = "Chapter04_Exercise_001", "Chapter04_Exercise_001\Chapter04_Exercise_001.vcxproj", "{343D1EB5-AB1C-4B80-A8EE-4FF07D65339F}"
EndProject
Project("{8BC9CEB8-8B4A-11D0-8D11-00A0C91BC942}") = "Chapter04_Exercise_002", "Chapter04_Exercise_002\Chapter04_Exercise_002.vcxproj", "{584487B1-AD5D-4B27-9355-B2373CF70F16}"
EndProject
Project("{8BC9CEB8-8B4A-11D0-8D11-00A0C91BC942}") = "Chapter04_Exercise_003", "Chapter04_Exercise_003\Chapter04_Exercise_003.vcxproj", "{78DAD128-99BF-43C7-8E0B-5BF96E20AEEE}"
EndProject
Project("{8BC9CEB8-8B4A-11D0-8D11-00A0C91BC942}") = "Chapter04_Exercise_004", "Chapter04_Exercise_004\Chapter04_Exercise_004.vcxproj", "{82DB9BF9-5051-4AFA-B960-865A451D6305}"
EndProject
Project("{8BC9CEB8-8B4A-11D0-8D11-00A0C91BC942}") = "Chapter04_Exercise_005", "Chapter04_Exercise_005\Chapter04_Exercise_005.vcxproj", "{2F0EBE69-CAE2-4284-8291-B9CC2E377CDD}"
EndProject
Project("{8BC9CEB8-8B4A-11D0-8D11-00A0C91BC942}") = "Chapter04_Exercise_006", "Chapter04_Exercise_006\Chapter04_Exercise_006.vcxproj", "{FA6140CF-58DA-4F09-83DA-833F3AB91F58}"
EndProject
Project("{8BC9CEB8-8B4A-11D0-8D11-00A0C91BC942}") = "Chapter04_Exercise_007", "Chapter04_Exercise_007\Chapter04_Exercise_007.vcxproj", "{42E667E7-1115-477C-9B60-56F4ECB8F314}"
EndProject
Project("{8BC9CEB8-8B4A-11D0-8D11-00A0C91BC942}") = "Chapter04_Exercise_008", "Chapter04_Exercise_008\Chapter04_Exercise_008.vcxproj", "{9ECC7DF2-689A-4931-AD81-5041220CBF82}"
EndProject
Project("{8BC9CEB8-8B4A-11D0-8D11-00A0C91BC942}") = "Chapter04_Exercise_009", "Chapter04_Exercise_009\Chapter04_Exercise_009.vcxproj", "{1F4F3909-E256-4AB6-82DE-FAFFF4591C41}"
EndProject
Project("{8BC9CEB8-8B4A-11D0-8D11-00A0C91BC942}") = "Chapter04_Exercise_010", "Chapter04_Exercise_010\Chapter04_Exercise_010.vcxproj", "{74264445-86C3-4C3E-94A9-40E28F36DDE2}"
EndProject
Project("{8BC9CEB8-8B4A-11D0-8D11-00A0C91BC942}") = "Chapter05_Exercise_001", "Chapter05_Exercise_001\Chapter05_Exercise_001.vcxproj", "{CA970B0B-B2CC-4935-BBAD-E0F27B5F4F75}"
EndProject
Project("{8BC9CEB8-8B4A-11D0-8D11-00A0C91BC942}") = "Chapter05_Exercise_002", "Chapter05_Exercise_002\Chapter05_Exercise_002.vcxproj", "{99FBB3AB-1C6C-4F80-8D80-A861B1354F35}"
EndProject
Project("{8BC9CEB8-8B4A-11D0-8D11-00A0C91BC942}") = "Chapter05_Exercise_003", "Chapter05_Exercise_003\Chapter05_Exercise_003.vcxproj", "{5BDBF225-5232-47F7-A2F5-1B82A7C73049}"
EndProject
Project("{8BC9CEB8-8B4A-11D0-8D11-00A0C91BC942}") = "Chapter05_Exercise_004", "Chapter05_Exercise_004\Chapter05_Exercise_004.vcxproj", "{55FB0DBF-172A-46C3-9D24-B91F2071D539}"
EndProject
Project("{8BC9CEB8-8B4A-11D0-8D11-00A0C91BC942}") = "Chapter05_Exercise_005", "Chapter05_Exercise_005\Chapter05_Exercise_005.vcxproj", "{FAAF4FEA-F746-468C-9949-1351FEB5E643}"
EndProject
Project("{8BC9CEB8-8B4A-11D0-8D11-00A0C91BC942}") = "Chapter05_Exercise_006", "Chapter05_Exercise_006\Chapter05_Exercise_006.vcxproj", "{91475D45-19ED-4B6D-AFE3-C2DE755F1B02}"
EndProject
Project("{8BC9CEB8-8B4A-11D0-8D11-00A0C91BC942}") = "Chapter05_Exercise_007", "Chapter05_Exercise_007\Chapter05_Exercise_007.vcxproj", "{0A40E16A-65B8-4921-8D51-22C043132151}"
EndProject
Project("{8BC9CEB8-8B4A-11D0-8D11-00A0C91BC942}") = "Chapter05_Exercise_008", "Chapter05_Exercise_008\Chapter05_Exercise_008.vcxproj", "{6ED90971-3834-419F-BCA7-D42108D78A24}"
EndProject
Project("{8BC9CEB8-8B4A-11D0-8D11-00A0C91BC942}") = "Chapter05_Exercise_009", "Chapter05_Exercise_009\Chapter05_Exercise_009.vcxproj", "{717564B9-1410-4C25-ADFA-3FA4F8B8C20C}"
EndProject
Project("{8BC9CEB8-8B4A-11D0-8D11-00A0C91BC942}") = "Chapter05_Exercise_010", "Chapter05_Exercise_010\Chapter05_Exercise_010.vcxproj", "{29626A95-C84A-4D48-9C73-E317687E7620}"
EndProject
Project("{8BC9CEB8-8B4A-11D0-8D11-00A0C91BC942}") = "Chapter06_Exercise_001", "Chapter06_Exercise_001\Chapter06_Exercise_001.vcxproj", "{AF6D939D-6FCD-4931-BFB5-5DC08EEA141D}"
EndProject
Project("{8BC9CEB8-8B4A-11D0-8D11-00A0C91BC942}") = "Chapter06_Exercise_002", "Chapter06_Exercise_002\Chapter06_Exercise_002.vcxproj", "{B79B59E9-BE8D-49AF-B692-7BEFDE82C1A9}"
EndProject
Project("{8BC9CEB8-8B4A-11D0-8D11-00A0C91BC942}") = "Chapter06_Exercise_003", "Chapter06_Exercise_003\Chapter06_Exercise_003.vcxproj", "{7D1C8EAC-BE45-4785-A496-78461C884A84}"
EndProject
Project("{8BC9CEB8-8B4A-11D0-8D11-00A0C91BC942}") = "Chapter06_Exercise_004", "Chapter06_Exercise_004\Chapter06_Exercise_004.vcxproj", "{2E1DE556-346D-4C5D-AF86-A3DABCCAA6CD}"
EndProject
Project("{8BC9CEB8-8B4A-11D0-8D11-00A0C91BC942}") = "Chapter06_Exercise_005", "Chapter06_Exercise_005\Chapter06_Exercise_005.vcxproj", "{23FA1B2E-5698-4476-A3B4-CF1F8C5DC00F}"
EndProject
Project("{8BC9CEB8-8B4A-11D0-8D11-00A0C91BC942}") = "Chapter06_Exercise_006", "Chapter06_Exercise_006\Chapter06_Exercise_006.vcxproj", "{43484524-1EF8-4220-AA19-5F1FBFA74EF2}"
EndProject
Project("{8BC9CEB8-8B4A-11D0-8D11-00A0C91BC942}") = "Chapter06_Exercise_007", "Chapter06_Exercise_007\Chapter06_Exercise_007.vcxproj", "{B31AF8FD-BC5F-4179-83D8-138069753BC1}"
EndProject
Project("{8BC9CEB8-8B4A-11D0-8D11-00A0C91BC942}") = "Chapter06_Exercise_008", "Chapter06_Exercise_008\Chapter06_Exercise_008.vcxproj", "{CEC78FCE-74D2-47A8-BDDB-584AFE81D647}"
EndProject
Project("{8BC9CEB8-8B4A-11D0-8D11-00A0C91BC942}") = "Chapter06_Exercise_009", "Chapter06_Exercise_009\Chapter06_Exercise_009.vcxproj", "{EB44DC3B-A8F3-4630-86E1-708D9FCEADB7}"
EndProject
Global
	GlobalSection(SolutionConfigurationPlatforms) = preSolution
		Debug|x64 = Debug|x64
		Debug|x86 = Debug|x86
		Release|x64 = Release|x64
		Release|x86 = Release|x86
	EndGlobalSection
	GlobalSection(ProjectConfigurationPlatforms) = postSolution
		{343D1EB5-AB1C-4B80-A8EE-4FF07D65339F}.Debug|x64.ActiveCfg = Debug|x64
		{343D1EB5-AB1C-4B80-A8EE-4FF07D65339F}.Debug|x64.Build.0 = Debug|x64
		{343D1EB5-AB1C-4B80-A8EE-4FF07D65339F}.Debug|x86.ActiveCfg = Debug|Win32
		{343D1EB5-AB1C-4B80-A8EE-4FF07D65339F}.Debug|x86.Build.0 = Debug|Win32
		{343D1EB5-AB1C-4B80-A8EE-4FF07D65339F}.Release|x64.ActiveCfg = Release|x64
		{343D1EB5-AB1C-4B80-A8EE-4FF07D65339F}.Release|x64.Build.0 = Release|x64
		{343D1EB5-AB1C-4B80-A8EE-4FF07D65339F}.Release|x86.ActiveCfg = Release|Win32
		{343D1EB5-AB1C-4B80-A8EE-4FF07D65339F}.Release|x86.Build.0 = Release|Win32
		{584487B1-AD5D-4B27-9355-B2373CF70F16}.Debug|x64.ActiveCfg = Debug|x64
		{584487B1-AD5D-4B27-9355-B2373CF70F16}.Debug|x64.Build.0 = Debug|x64
		{584487B1-AD5D-4B27-9355-B2373CF70F16}.Debug|x86.ActiveCfg = Debug|Win32
		{584487B1-AD5D-4B27-9355-B2373CF70F16}.Debug|x86.Build.0 = Debug|Win32
		{584487B1-AD5D-4B27-9355-B2373CF70F16}.Release|x64.ActiveCfg = Release|x64
		{584487B1-AD5D-4B27-9355-B2373CF70F16}.Release|x64.Build.0 = Release|x64
		{584487B1-AD5D-4B27-9355-B2373CF70F16}.Release|x86.ActiveCfg = Release|Win32
		{584487B1-AD5D-4B27-9355-B2373CF70F16}.Release|x86.Build.0 = Release|Win32
		{78DAD128-99BF-43C7-8E0B-5BF96E20AEEE}.Debug|x64.ActiveCfg = Debug|x64
		{78DAD128-99BF-43C7-8E0B-5BF96E20AEEE}.Debug|x64.Build.0 = Debug|x64
		{78DAD128-99BF-43C7-8E0B-5BF96E20AEEE}.Debug|x86.ActiveCfg = Debug|Win32
		{78DAD128-99BF-43C7-8E0B-5BF96E20AEEE}.Debug|x86.Build.0 = Debug|Win32
		{78DAD128-99BF-43C7-8E0B-5BF96E20AEEE}.Release|x64.ActiveCfg = Release|x64
		{78DAD128-99BF-43C7-8E0B-5BF96E20AEEE}.Release|x64.Build.0 = Release|x64
		{78DAD128-99BF-43C7-8E0B-5BF96E20AEEE}.Release|x86.ActiveCfg = Release|Win32
		{78DAD128-99BF-43C7-8E0B-5BF96E20AEEE}.Release|x86.Build.0 = Release|Win32
		{82DB9BF9-5051-4AFA-B960-865A451D6305}.Debug|x64.ActiveCfg = Debug|x64
		{82DB9BF9-5051-4AFA-B960-865A451D6305}.Debug|x64.Build.0 = Debug|x64
		{82DB9BF9-5051-4AFA-B960-865A451D6305}.Debug|x86.ActiveCfg = Debug|Win32
		{82DB9BF9-5051-4AFA-B960-865A451D6305}.Debug|x86.Build.0 = Debug|Win32
		{82DB9BF9-5051-4AFA-B960-865A451D6305}.Release|x64.ActiveCfg = Release|x64
		{82DB9BF9-5051-4AFA-B960-865A451D6305}.Release|x64.Build.0 = Release|x64
		{82DB9BF9-5051-4AFA-B960-865A451D6305}.Release|x86.ActiveCfg = Release|Win32
		{82DB9BF9-5051-4AFA-B960-865A451D6305}.Release|x86.Build.0 = Release|Win32
		{2F0EBE69-CAE2-4284-8291-B9CC2E377CDD}.Debug|x64.ActiveCfg = Debug|x64
		{2F0EBE69-CAE2-4284-8291-B9CC2E377CDD}.Debug|x64.Build.0 = Debug|x64
		{2F0EBE69-CAE2-4284-8291-B9CC2E377CDD}.Debug|x86.ActiveCfg = Debug|Win32
		{2F0EBE69-CAE2-4284-8291-B9CC2E377CDD}.Debug|x86.Build.0 = Debug|Win32
		{2F0EBE69-CAE2-4284-8291-B9CC2E377CDD}.Release|x64.ActiveCfg = Release|x64
		{2F0EBE69-CAE2-4284-8291-B9CC2E377CDD}.Release|x64.Build.0 = Release|x64
		{2F0EBE69-CAE2-4284-8291-B9CC2E377CDD}.Release|x86.ActiveCfg = Release|Win32
		{2F0EBE69-CAE2-4284-8291-B9CC2E377CDD}.Release|x86.Build.0 = Release|Win32
		{FA6140CF-58DA-4F09-83DA-833F3AB91F58}.Debug|x64.ActiveCfg = Debug|x64
		{FA6140CF-58DA-4F09-83DA-833F3AB91F58}.Debug|x64.Build.0 = Debug|x64
		{FA6140CF-58DA-4F09-83DA-833F3AB91F58}.Debug|x86.ActiveCfg = Debug|Win32
		{FA6140CF-58DA-4F09-83DA-833F3AB91F58}.Debug|x86.Build.0 = Debug|Win32
		{FA6140CF-58DA-4F09-83DA-833F3AB91F58}.Release|x64.ActiveCfg = Release|x64
		{FA6140CF-58DA-4F09-83DA-833F3AB91F58}.Release|x64.Build.0 = Release|x64
		{FA6140CF-58DA-4F09-83DA-833F3AB91F58}.Release|x86.ActiveCfg = Release|Win32
		{FA6140CF-58DA-4F09-83DA-833F3AB91F58}.Release|x86.Build.0 = Release|Win32
		{42E667E7-1115-477C-9B60-56F4ECB8F314}.Debug|x64.ActiveCfg = Debug|x64
		{42E667E7-1115-477C-9B60-56F4ECB8F314}.Debug|x64.Build.0 = Debug|x64
		{42E667E7-1115-477C-9B60-56F4ECB8F314}.Debug|x86.ActiveCfg = Debug|Win32
		{42E667E7-1115-477C-9B60-56F4ECB8F314}.Debug|x86.Build.0 = Debug|Win32
		{42E667E7-1115-477C-9B60-56F4ECB8F314}.Release|x64.ActiveCfg = Release|x64
		{42E667E7-1115-477C-9B60-56F4ECB8F314}.Release|x64.Build.0 = Release|x64
		{42E667E7-1115-477C-9B60-56F4ECB8F314}.Release|x86.ActiveCfg = Release|Win32
		{42E667E7-1115-477C-9B60-56F4ECB8F314}.Release|x86.Build.0 = Release|Win32
		{9ECC7DF2-689A-4931-AD81-5041220CBF82}.Debug|x64.ActiveCfg = Debug|x64
		{9ECC7DF2-689A-4931-AD81-5041220CBF82}.Debug|x64.Build.0 = Debug|x64
		{9ECC7DF2-689A-4931-AD81-5041220CBF82}.Debug|x86.ActiveCfg = Debug|Win32
		{9ECC7DF2-689A-4931-AD81-5041220CBF82}.Debug|x86.Build.0 = Debug|Win32
		{9ECC7DF2-689A-4931-AD81-5041220CBF82}.Release|x64.ActiveCfg = Release|x64
		{9ECC7DF2-689A-4931-AD81-5041220CBF82}.Release|x64.Build.0 = Release|x64
		{9ECC7DF2-689A-4931-AD81-5041220CBF82}.Release|x86.ActiveCfg = Release|Win32
		{9ECC7DF2-689A-4931-AD81-5041220CBF82}.Release|x86.Build.0 = Release|Win32
		{1F4F3909-E256-4AB6-82DE-FAFFF4591C41}.Debug|x64.ActiveCfg = Debug|x64
		{1F4F3909-E256-4AB6-82DE-FAFFF4591C41}.Debug|x64.Build.0 = Debug|x64
		{1F4F3909-E256-4AB6-82DE-FAFFF4591C41}.Debug|x86.ActiveCfg = Debug|Win32
		{1F4F3909-E256-4AB6-82DE-FAFFF4591C41}.Debug|x86.Build.0 = Debug|Win32
		{1F4F3909-E256-4AB6-82DE-FAFFF4591C41}.Release|x64.ActiveCfg = Release|x64
		{1F4F3909-E256-4AB6-82DE-FAFFF4591C41}.Release|x64.Build.0 = Release|x64
		{1F4F3909-E256-4AB6-82DE-FAFFF4591C41}.Release|x86.ActiveCfg = Release|Win32
		{1F4F3909-E256-4AB6-82DE-FAFFF4591C41}.Release|x86.Build.0 = Release|Win32
		{74264445-86C3-4C3E-94A9-40E28F36DDE2}.Debug|x64.ActiveCfg = Debug|x64
		{74264445-86C3-4C3E-94A9-40E28F36DDE2}.Debug|x64.Build.0 = Debug|x64
		{74264445-86C3-4C3E-94A9-40E28F36DDE2}.Debug|x86.ActiveCfg = Debug|Win32
		{74264445-86C3-4C3E-94A9-40E28F36DDE2}.Debug|x86.Build.0 = Debug|Win32
		{74264445-86C3-4C3E-94A9-40E28F36DDE2}.Release|x64.ActiveCfg = Release|x64
		{74264445-86C3-4C3E-94A9-40E28F36DDE2}.Release|x64.Build.0 = Release|x64
		{74264445-86C3-4C3E-94A9-40E28F36DDE2}.Release|x86.ActiveCfg = Release|Win32
		{74264445-86C3-4C3E-94A9-40E28F36DDE2}.Release|x86.Build.0 = Release|Win32
		{CA970B0B-B2CC-4935-BBAD-E0F27B5F4F75}.Debug|x64.ActiveCfg = Debug|x64
		{CA970B0B-B2CC-4935-BBAD-E0F27B5F4F75}.Debug|x64.Build.0 = Debug|x64
		{CA970B0B-B2CC-4935-BBAD-E0F27B5F4F75}.Debug|x86.ActiveCfg = Debug|Win32
		{CA970B0B-B2CC-4935-BBAD-E0F27B5F4F75}.Debug|x86.Build.0 = Debug|Win32
		{CA970B0B-B2CC-4935-BBAD-E0F27B5F4F75}.Release|x64.ActiveCfg = Release|x64
		{CA970B0B-B2CC-4935-BBAD-E0F27B5F4F75}.Release|x64.Build.0 = Release|x64
		{CA970B0B-B2CC-4935-BBAD-E0F27B5F4F75}.Release|x86.ActiveCfg = Release|Win32
		{CA970B0B-B2CC-4935-BBAD-E0F27B5F4F75}.Release|x86.Build.0 = Release|Win32
		{99FBB3AB-1C6C-4F80-8D80-A861B1354F35}.Debug|x64.ActiveCfg = Debug|x64
		{99FBB3AB-1C6C-4F80-8D80-A861B1354F35}.Debug|x64.Build.0 = Debug|x64
		{99FBB3AB-1C6C-4F80-8D80-A861B1354F35}.Debug|x86.ActiveCfg = Debug|Win32
		{99FBB3AB-1C6C-4F80-8D80-A861B1354F35}.Debug|x86.Build.0 = Debug|Win32
		{99FBB3AB-1C6C-4F80-8D80-A861B1354F35}.Release|x64.ActiveCfg = Release|x64
		{99FBB3AB-1C6C-4F80-8D80-A861B1354F35}.Release|x64.Build.0 = Release|x64
		{99FBB3AB-1C6C-4F80-8D80-A861B1354F35}.Release|x86.ActiveCfg = Release|Win32
		{99FBB3AB-1C6C-4F80-8D80-A861B1354F35}.Release|x86.Build.0 = Release|Win32
		{5BDBF225-5232-47F7-A2F5-1B82A7C73049}.Debug|x64.ActiveCfg = Debug|x64
		{5BDBF225-5232-47F7-A2F5-1B82A7C73049}.Debug|x64.Build.0 = Debug|x64
		{5BDBF225-5232-47F7-A2F5-1B82A7C73049}.Debug|x86.ActiveCfg = Debug|Win32
		{5BDBF225-5232-47F7-A2F5-1B82A7C73049}.Debug|x86.Build.0 = Debug|Win32
		{5BDBF225-5232-47F7-A2F5-1B82A7C73049}.Release|x64.ActiveCfg = Release|x64
		{5BDBF225-5232-47F7-A2F5-1B82A7C73049}.Release|x64.Build.0 = Release|x64
		{5BDBF225-5232-47F7-A2F5-1B82A7C73049}.Release|x86.ActiveCfg = Release|Win32
		{5BDBF225-5232-47F7-A2F5-1B82A7C73049}.Release|x86.Build.0 = Release|Win32
		{55FB0DBF-172A-46C3-9D24-B91F2071D539}.Debug|x64.ActiveCfg = Debug|x64
		{55FB0DBF-172A-46C3-9D24-B91F2071D539}.Debug|x64.Build.0 = Debug|x64
		{55FB0DBF-172A-46C3-9D24-B91F2071D539}.Debug|x86.ActiveCfg = Debug|Win32
		{55FB0DBF-172A-46C3-9D24-B91F2071D539}.Debug|x86.Build.0 = Debug|Win32
		{55FB0DBF-172A-46C3-9D24-B91F2071D539}.Release|x64.ActiveCfg = Release|x64
		{55FB0DBF-172A-46C3-9D24-B91F2071D539}.Release|x64.Build.0 = Release|x64
		{55FB0DBF-172A-46C3-9D24-B91F2071D539}.Release|x86.ActiveCfg = Release|Win32
		{55FB0DBF-172A-46C3-9D24-B91F2071D539}.Release|x86.Build.0 = Release|Win32
		{FAAF4FEA-F746-468C-9949-1351FEB5E643}.Debug|x64.ActiveCfg = Debug|x64
		{FAAF4FEA-F746-468C-9949-1351FEB5E643}.Debug|x64.Build.0 = Debug|x64
		{FAAF4FEA-F746-468C-9949-1351FEB5E643}.Debug|x86.ActiveCfg = Debug|Win32
		{FAAF4FEA-F746-468C-9949-1351FEB5E643}.Debug|x86.Build.0 = Debug|Win32
		{FAAF4FEA-F746-468C-9949-1351FEB5E643}.Release|x64.ActiveCfg = Release|x64
		{FAAF4FEA-F746-468C-9949-1351FEB5E643}.Release|x64.Build.0 = Release|x64
		{FAAF4FEA-F746-468C-9949-1351FEB5E643}.Release|x86.ActiveCfg = Release|Win32
		{FAAF4FEA-F746-468C-9949-1351FEB5E643}.Release|x86.Build.0 = Release|Win32
		{91475D45-19ED-4B6D-AFE3-C2DE755F1B02}.Debug|x64.ActiveCfg = Debug|x64
		{91475D45-19ED-4B6D-AFE3-C2DE755F1B02}.Debug|x64.Build.0 = Debug|x64
		{91475D45-19ED-4B6D-AFE3-C2DE755F1B02}.Debug|x86.ActiveCfg = Debug|Win32
		{91475D45-19ED-4B6D-AFE3-C2DE755F1B02}.Debug|x86.Build.0 = Debug|Win32
		{91475D45-19ED-4B6D-AFE3-C2DE755F1B02}.Release|x64.ActiveCfg = Release|x64
		{91475D45-19ED-4B6D-AFE3-C2DE755F1B02}.Release|x64.Build.0 = Release|x64
		{91475D45-19ED-4B6D-AFE3-C2DE755F1B02}.Release|x86.ActiveCfg = Release|Win32
		{91475D45-19ED-4B6D-AFE3-C2DE755F1B02}.Release|x86.Build.0 = Release|Win32
		{0A40E16A-65B8-4921-8D51-22C043132151}.Debug|x64.ActiveCfg = Debug|x64
		{0A40E16A-65B8-4921-8D51-22C043132151}.Debug|x64.Build.0 = Debug|x64
		{0A40E16A-65B8-4921-8D51-22C043132151}.Debug|x86.ActiveCfg = Debug|Win32
		{0A40E16A-65B8-4921-8D51-22C043132151}.Debug|x86.Build.0 = Debug|Win32
		{0A40E16A-65B8-4921-8D51-22C043132151}.Release|x64.ActiveCfg = Release|x64
		{0A40E16A-65B8-4921-8D51-22C043132151}.Release|x64.Build.0 = Release|x64
		{0A40E16A-65B8-4921-8D51-22C043132151}.Release|x86.ActiveCfg = Release|Win32
		{0A40E16A-65B8-4921-8D51-22C043132151}.Release|x86.Build.0 = Release|Win32
		{6ED90971-3834-419F-BCA7-D42108D78A24}.Debug|x64.ActiveCfg = Debug|x64
		{6ED90971-3834-419F-BCA7-D42108D78A24}.Debug|x64.Build.0 = Debug|x64
		{6ED90971-3834-419F-BCA7-D42108D78A24}.Debug|x86.ActiveCfg = Debug|Win32
		{6ED90971-3834-419F-BCA7-D42108D78A24}.Debug|x86.Build.0 = Debug|Win32
		{6ED90971-3834-419F-BCA7-D42108D78A24}.Release|x64.ActiveCfg = Release|x64
		{6ED90971-3834-419F-BCA7-D42108D78A24}.Release|x64.Build.0 = Release|x64
		{6ED90971-3834-419F-BCA7-D42108D78A24}.Release|x86.ActiveCfg = Release|Win32
		{6ED90971-3834-419F-BCA7-D42108D78A24}.Release|x86.Build.0 = Release|Win32
		{717564B9-1410-4C25-ADFA-3FA4F8B8C20C}.Debug|x64.ActiveCfg = Debug|x64
		{717564B9-1410-4C25-ADFA-3FA4F8B8C20C}.Debug|x64.Build.0 = Debug|x64
		{717564B9-1410-4C25-ADFA-3FA4F8B8C20C}.Debug|x86.ActiveCfg = Debug|Win32
		{717564B9-1410-4C25-ADFA-3FA4F8B8C20C}.Debug|x86.Build.0 = Debug|Win32
		{717564B9-1410-4C25-ADFA-3FA4F8B8C20C}.Release|x64.ActiveCfg = Release|x64
		{717564B9-1410-4C25-ADFA-3FA4F8B8C20C}.Release|x64.Build.0 = Release|x64
		{717564B9-1410-4C25-ADFA-3FA4F8B8C20C}.Release|x86.ActiveCfg = Release|Win32
		{717564B9-1410-4C25-ADFA-3FA4F8B8C20C}.Release|x86.Build.0 = Release|Win32
		{29626A95-C84A-4D48-9C73-E317687E7620}.Debug|x64.ActiveCfg = Debug|x64
		{29626A95-C84A-4D48-9C73-E317687E7620}.Debug|x64.Build.0 = Debug|x64
		{29626A95-C84A-4D48-9C73-E317687E7620}.Debug|x86.ActiveCfg = Debug|Win32
		{29626A95-C84A-4D48-9C73-E317687E7620}.Debug|x86.Build.0 = Debug|Win32
		{29626A95-C84A-4D48-9C73-E317687E7620}.Release|x64.ActiveCfg = Release|x64
		{29626A95-C84A-4D48-9C73-E317687E7620}.Release|x64.Build.0 = Release|x64
		{29626A95-C84A-4D48-9C73-E317687E7620}.Release|x86.ActiveCfg = Release|Win32
		{29626A95-C84A-4D48-9C73-E317687E7620}.Release|x86.Build.0 = Release|Win32
		{AF6D939D-6FCD-4931-BFB5-5DC08EEA141D}.Debug|x64.ActiveCfg = Debug|x64
		{AF6D939D-6FCD-4931-BFB5-5DC08EEA141D}.Debug|x64.Build.0 = Debug|x64
		{AF6D939D-6FCD-4931-BFB5-5DC08EEA141D}.Debug|x86.ActiveCfg = Debug|Win32
		{AF6D939D-6FCD-4931-BFB5-5DC08EEA141D}.Debug|x86.Build.0 = Debug|Win32
		{AF6D939D-6FCD-4931-BFB5-5DC08EEA141D}.Release|x64.ActiveCfg = Release|x64
		{AF6D939D-6FCD-4931-BFB5-5DC08EEA141D}.Release|x64.Build.0 = Release|x64
		{AF6D939D-6FCD-4931-BFB5-5DC08EEA141D}.Release|x86.ActiveCfg = Release|Win32
		{AF6D939D-6FCD-4931-BFB5-5DC08EEA141D}.Release|x86.Build.0 = Release|Win32
		{B79B59E9-BE8D-49AF-B692-7BEFDE82C1A9}.Debug|x64.ActiveCfg = Debug|x64
		{B79B59E9-BE8D-49AF-B692-7BEFDE82C1A9}.Debug|x64.Build.0 = Debug|x64
		{B79B59E9-BE8D-49AF-B692-7BEFDE82C1A9}.Debug|x86.ActiveCfg = Debug|Win32
		{B79B59E9-BE8D-49AF-B692-7BEFDE82C1A9}.Debug|x86.Build.0 = Debug|Win32
		{B79B59E9-BE8D-49AF-B692-7BEFDE82C1A9}.Release|x64.ActiveCfg = Release|x64
		{B79B59E9-BE8D-49AF-B692-7BEFDE82C1A9}.Release|x64.Build.0 = Release|x64
		{B79B59E9-BE8D-49AF-B692-7BEFDE82C1A9}.Release|x86.ActiveCfg = Release|Win32
		{B79B59E9-BE8D-49AF-B692-7BEFDE82C1A9}.Release|x86.Build.0 = Release|Win32
		{7D1C8EAC-BE45-4785-A496-78461C884A84}.Debug|x64.ActiveCfg = Debug|x64
		{7D1C8EAC-BE45-4785-A496-78461C884A84}.Debug|x64.Build.0 = Debug|x64
		{7D1C8EAC-BE45-4785-A496-78461C884A84}.Debug|x86.ActiveCfg = Debug|Win32
		{7D1C8EAC-BE45-4785-A496-78461C884A84}.Debug|x86.Build.0 = Debug|Win32
		{7D1C8EAC-BE45-4785-A496-78461C884A84}.Release|x64.ActiveCfg = Release|x64
		{7D1C8EAC-BE45-4785-A496-78461C884A84}.Release|x64.Build.0 = Release|x64
		{7D1C8EAC-BE45-4785-A496-78461C884A84}.Release|x86.ActiveCfg = Release|Win32
		{7D1C8EAC-BE45-4785-A496-78461C884A84}.Release|x86.Build.0 = Release|Win32
		{2E1DE556-346D-4C5D-AF86-A3DABCCAA6CD}.Debug|x64.ActiveCfg = Debug|x64
		{2E1DE556-346D-4C5D-AF86-A3DABCCAA6CD}.Debug|x64.Build.0 = Debug|x64
		{2E1DE556-346D-4C5D-AF86-A3DABCCAA6CD}.Debug|x86.ActiveCfg = Debug|Win32
		{2E1DE556-346D-4C5D-AF86-A3DABCCAA6CD}.Debug|x86.Build.0 = Debug|Win32
		{2E1DE556-346D-4C5D-AF86-A3DABCCAA6CD}.Release|x64.ActiveCfg = Release|x64
		{2E1DE556-346D-4C5D-AF86-A3DABCCAA6CD}.Release|x64.Build.0 = Release|x64
		{2E1DE556-346D-4C5D-AF86-A3DABCCAA6CD}.Release|x86.ActiveCfg = Release|Win32
		{2E1DE556-346D-4C5D-AF86-A3DABCCAA6CD}.Release|x86.Build.0 = Release|Win32
		{23FA1B2E-5698-4476-A3B4-CF1F8C5DC00F}.Debug|x64.ActiveCfg = Debug|x64
		{23FA1B2E-5698-4476-A3B4-CF1F8C5DC00F}.Debug|x64.Build.0 = Debug|x64
		{23FA1B2E-5698-4476-A3B4-CF1F8C5DC00F}.Debug|x86.ActiveCfg = Debug|Win32
		{23FA1B2E-5698-4476-A3B4-CF1F8C5DC00F}.Debug|x86.Build.0 = Debug|Win32
		{23FA1B2E-5698-4476-A3B4-CF1F8C5DC00F}.Release|x64.ActiveCfg = Release|x64
		{23FA1B2E-5698-4476-A3B4-CF1F8C5DC00F}.Release|x64.Build.0 = Release|x64
		{23FA1B2E-5698-4476-A3B4-CF1F8C5DC00F}.Release|x86.ActiveCfg = Release|Win32
		{23FA1B2E-5698-4476-A3B4-CF1F8C5DC00F}.Release|x86.Build.0 = Release|Win32
		{43484524-1EF8-4220-AA19-5F1FBFA74EF2}.Debug|x64.ActiveCfg = Debug|x64
		{43484524-1EF8-4220-AA19-5F1FBFA74EF2}.Debug|x64.Build.0 = Debug|x64
		{43484524-1EF8-4220-AA19-5F1FBFA74EF2}.Debug|x86.ActiveCfg = Debug|Win32
		{43484524-1EF8-4220-AA19-5F1FBFA74EF2}.Debug|x86.Build.0 = Debug|Win32
		{43484524-1EF8-4220-AA19-5F1FBFA74EF2}.Release|x64.ActiveCfg = Release|x64
		{43484524-1EF8-4220-AA19-5F1FBFA74EF2}.Release|x64.Build.0 = Release|x64
		{43484524-1EF8-4220-AA19-5F1FBFA74EF2}.Release|x86.ActiveCfg = Release|Win32
		{43484524-1EF8-4220-AA19-5F1FBFA74EF2}.Release|x86.Build.0 = Release|Win32
		{B31AF8FD-BC5F-4179-83D8-138069753BC1}.Debug|x64.ActiveCfg = Debug|x64
		{B31AF8FD-BC5F-4179-83D8-138069753BC1}.Debug|x64.Build.0 = Debug|x64
		{B31AF8FD-BC5F-4179-83D8-138069753BC1}.Debug|x86.ActiveCfg = Debug|Win32
		{B31AF8FD-BC5F-4179-83D8-138069753BC1}.Debug|x86.Build.0 = Debug|Win32
		{B31AF8FD-BC5F-4179-83D8-138069753BC1}.Release|x64.ActiveCfg = Release|x64
		{B31AF8FD-BC5F-4179-83D8-138069753BC1}.Release|x64.Build.0 = Release|x64
		{B31AF8FD-BC5F-4179-83D8-138069753BC1}.Release|x86.ActiveCfg = Release|Win32
		{B31AF8FD-BC5F-4179-83D8-138069753BC1}.Release|x86.Build.0 = Release|Win32
		{CEC78FCE-74D2-47A8-BDDB-584AFE81D647}.Debug|x64.ActiveCfg = Debug|x64
		{CEC78FCE-74D2-47A8-BDDB-584AFE81D647}.Debug|x64.Build.0 = Debug|x64
		{CEC78FCE-74D2-47A8-BDDB-584AFE81D647}.Debug|x86.ActiveCfg = Debug|Win32
		{CEC78FCE-74D2-47A8-BDDB-584AFE81D647}.Debug|x86.Build.0 = Debug|Win32
		{CEC78FCE-74D2-47A8-BDDB-584AFE81D647}.Release|x64.ActiveCfg = Release|x64
		{CEC78FCE-74D2-47A8-BDDB-584AFE81D647}.Release|x64.Build.0 = Release|x64
		{CEC78FCE-74D2-47A8-BDDB-584AFE81D647}.Release|x86.ActiveCfg = Release|Win32
		{CEC78FCE-74D2-47A8-BDDB-584AFE81D647}.Release|x86.Build.0 = Release|Win32
		{EB44DC3B-A8F3-4630-86E1-708D9FCEADB7}.Debug|x64.ActiveCfg = Debug|x64
		{EB44DC3B-A8F3-4630-86E1-708D9FCEADB7}.Debug|x64.Build.0 = Debug|x64
		{EB44DC3B-A8F3-4630-86E1-708D9FCEADB7}.Debug|x86.ActiveCfg = Debug|Win32
		{EB44DC3B-A8F3-4630-86E1-708D9FCEADB7}.Debug|x86.Build.0 = Debug|Win32
		{EB44DC3B-A8F3-4630-86E1-708D9FCEADB7}.Release|x64.ActiveCfg = Release|x64
		{EB44DC3B-A8F3-4630-86E1-708D9FCEADB7}.Release|x64.Build.0 = Release|x64
		{EB44DC3B-A8F3-4630-86E1-708D9FCEADB7}.Release|x86.ActiveCfg = Release|Win32
		{EB44DC3B-A8F3-4630-86E1-708D9FCEADB7}.Release|x86.Build.0 = Release|Win32
	EndGlobalSection
	GlobalSection(SolutionProperties) = preSolution
		HideSolutionNode = FALSE
	EndGlobalSection
	GlobalSection(ExtensibilityGlobals) = postSolution
		SolutionGuid = {83837BA8-67DA-4EF7-9A33-85CD19E8F331}
	EndGlobalSection
EndGlobal
